{
  "name": "com.techsufianx.health",
  "version": "1.0.0",
  "lockfileVersion": 3,
  "requires": true,
  "packages": {
    "": {
      "name": "com.techsufianx.health",
      "version": "1.0.0",
      "license": "Apache-2.0",
      "devDependencies": {
        "cordova-plugin-admob-free": "^0.27.0"
      }
    },
    "node_modules/cordova-plugin-admob-free": {
      "version": "0.27.0",
      "resolved": "https://registry.npmjs.org/cordova-plugin-admob-free/-/cordova-plugin-admob-free-0.27.0.tgz",
      "integrity": "sha512-4QP89i3maFivk2GN8uAfaPDjwSAwvfrxkJu6pV1+ZJbPSAlp1OhNeXUbXXK8VXNNkoEWqLFQ2TCU1c09ybdATQ==",
      "deprecated": "Package is unsupported. Please use the `admob-plus-cordova` package instead.",
      "dev": true,
      "license": "MIT"
    }
  }
}
